
Microsoft Visual Studio Solution File, Format Version 12.00
# Visual Studio Version 16
VisualStudioVersion = 16.0.30907.101
MinimumVisualStudioVersion = 10.0.40219.1
Project("{FAE04EC0-301F-11D3-BF4B-00C04F79EFBC}") = "Opposite_number_kata", "Opposite_number_kata.csproj", "{3CCF6B89-618E-4D3E-B82C-874C4ECE50E4}"
EndProject
Global
	GlobalSection(SolutionConfigurationPlatforms) = preSolution
		Debug|Any CPU = Debug|Any CPU
		Release|Any CPU = Release|Any CPU
	EndGlobalSection
	GlobalSection(ProjectConfigurationPlatforms) = postSolution
		{3CCF6B89-618E-4D3E-B82C-874C4ECE50E4}.Debug|Any CPU.ActiveCfg = Debug|Any CPU
		{3CCF6B89-618E-4D3E-B82C-874C4ECE50E4}.Debug|Any CPU.Build.0 = Debug|Any CPU
		{3CCF6B89-618E-4D3E-B82C-874C4ECE50E4}.Release|Any CPU.ActiveCfg = Release|Any CPU
		{3CCF6B89-618E-4D3E-B82C-874C4ECE50E4}.Release|Any CPU.Build.0 = Release|Any CPU
	EndGlobalSection
	GlobalSection(SolutionProperties) = preSolution
		HideSolutionNode = FALSE
	EndGlobalSection
	GlobalSection(ExtensibilityGlobals) = postSolution
		SolutionGuid = {B29F6C41-43A6-4C56-8662-41778650C6F2}
	EndGlobalSection
EndGlobal
